PODS:
  - DNSiOSLocalizationTestHelpers (1.0.0)
  - KIF (3.2.0):
    - KIF/XCTest (= 3.2.0)
  - KIF/XCTest (3.2.0)
  - Reachability (3.2)

DEPENDENCIES:
  - DNSiOSLocalizationTestHelpers (~> 1.0)
  - KIF (~> 3.2)
  - Reachability (~> 3.2)

SPEC CHECKSUMS:
  DNSiOSLocalizationTestHelpers: 7d2e701af20e5408a6e49d1591ba11f86c46b04d
  KIF: 6f94a23566fd05b809f5d3bc5231a965b51121b9
  Reachability: 1ef8adf5c4e3d362f96515d4278f68dad3c26930

COCOAPODS: 0.36.0
