// !$*UTF8*$!
{
	archiveVersion = 1;
	classes = {
	};
	objectVersion = 46;
	objects = {

/* Begin PBXBuildFile section */
		3342FA0118A1A8D7000578A9 /* Localizable.strings in Resources */ = {isa = PBXBuildFile; fileRef = 3342F9FF18A1A8D7000578A9 /* Localizable.strings */; };
		339664FE1AC4AA2E0072AFE7 /* TestingPlayground_MockTests.m in Sources */ = {isa = PBXBuildFile; fileRef = 339664FD1AC4AA2E0072AFE7 /* TestingPlayground_MockTests.m */; };
		339665011AC4B1010072AFE7 /* VITestingApplicationDelegate.m in Sources */ = {isa = PBXBuildFile; fileRef = 339665001AC4B1010072AFE7 /* VITestingApplicationDelegate.m */; };
		339665031AC4E5400072AFE7 /* Launch Screen.xib in Resources */ = {isa = PBXBuildFile; fileRef = 339665021AC4E5400072AFE7 /* Launch Screen.xib */; };
		33BCBF66189C451C00479904 /* Foundation.framework in Frameworks */ = {isa = PBXBuildFile; fileRef = 33BCBF65189C451C00479904 /* Foundation.framework */; };
		33BCBF68189C451C00479904 /* CoreGraphics.framework in Frameworks */ = {isa = PBXBuildFile; fileRef = 33BCBF67189C451C00479904 /* CoreGraphics.framework */; };
		33BCBF6A189C451C00479904 /* UIKit.framework in Frameworks */ = {isa = PBXBuildFile; fileRef = 33BCBF69189C451C00479904 /* UIKit.framework */; };
		33BCBF70189C451C00479904 /* InfoPlist.strings in Resources */ = {isa = PBXBuildFile; fileRef = 33BCBF6E189C451C00479904 /* InfoPlist.strings */; };
		33BCBF72189C451C00479904 /* main.m in Sources */ = {isa = PBXBuildFile; fileRef = 33BCBF71189C451C00479904 /* main.m */; };
		33BCBF76189C451C00479904 /* VIAppDelegate.m in Sources */ = {isa = PBXBuildFile; fileRef = 33BCBF75189C451C00479904 /* VIAppDelegate.m */; };
		33BCBF79189C451C00479904 /* Main_iPhone.storyboard in Resources */ = {isa = PBXBuildFile; fileRef = 33BCBF77189C451C00479904 /* Main_iPhone.storyboard */; };
		33BCBF7C189C451C00479904 /* Main_iPad.storyboard in Resources */ = {isa = PBXBuildFile; fileRef = 33BCBF7A189C451C00479904 /* Main_iPad.storyboard */; };
		33BCBF7F189C451C00479904 /* VIViewController.m in Sources */ = {isa = PBXBuildFile; fileRef = 33BCBF7E189C451C00479904 /* VIViewController.m */; };
		33BCBF81189C451C00479904 /* Images.xcassets in Resources */ = {isa = PBXBuildFile; fileRef = 33BCBF80189C451C00479904 /* Images.xcassets */; };
		33BCBF88189C451C00479904 /* XCTest.framework in Frameworks */ = {isa = PBXBuildFile; fileRef = 33BCBF87189C451C00479904 /* XCTest.framework */; };
		33BCBF89189C451C00479904 /* Foundation.framework in Frameworks */ = {isa = PBXBuildFile; fileRef = 33BCBF65189C451C00479904 /* Foundation.framework */; };
		33BCBF8A189C451C00479904 /* UIKit.framework in Frameworks */ = {isa = PBXBuildFile; fileRef = 33BCBF69189C451C00479904 /* UIKit.framework */; };
		33BCBF92189C451C00479904 /* InfoPlist.strings in Resources */ = {isa = PBXBuildFile; fileRef = 33BCBF90189C451C00479904 /* InfoPlist.strings */; };
		33BCBF94189C451C00479904 /* TestingPlayground_APITests.m in Sources */ = {isa = PBXBuildFile; fileRef = 33BCBF93189C451C00479904 /* TestingPlayground_APITests.m */; };
		33BCBF9F189C47E600479904 /* VIFakeAPI.m in Sources */ = {isa = PBXBuildFile; fileRef = 33BCBF9E189C47E600479904 /* VIFakeAPI.m */; };
		33FC5B31189FF7310027ED82 /* XCTest.framework in Frameworks */ = {isa = PBXBuildFile; fileRef = 33BCBF87189C451C00479904 /* XCTest.framework */; };
		33FC5B32189FF7310027ED82 /* Foundation.framework in Frameworks */ = {isa = PBXBuildFile; fileRef = 33BCBF65189C451C00479904 /* Foundation.framework */; };
		33FC5B33189FF7310027ED82 /* UIKit.framework in Frameworks */ = {isa = PBXBuildFile; fileRef = 33BCBF69189C451C00479904 /* UIKit.framework */; };
		33FC5B43189FF7BE0027ED82 /* CoreGraphics.framework in Frameworks */ = {isa = PBXBuildFile; fileRef = 33BCBF67189C451C00479904 /* CoreGraphics.framework */; };
		33FC5B45189FF9460027ED82 /* SenTestingKit.framework in Frameworks */ = {isa = PBXBuildFile; fileRef = 33FC5B44189FF9460027ED82 /* SenTestingKit.framework */; };
		9B004DA41ABE4AF200A5C82F /* VIAccessibilityStrings.m in Sources */ = {isa = PBXBuildFile; fileRef = 9B004DA31ABE4AF200A5C82F /* VIAccessibilityStrings.m */; };
		9B004DA71ABE4BDD00A5C82F /* VILocalizedStrings.m in Sources */ = {isa = PBXBuildFile; fileRef = 9B004DA61ABE4BDD00A5C82F /* VILocalizedStrings.m */; };
		9B004DB41ABE5C1900A5C82F /* TestingPlayground_UITests.m in Sources */ = {isa = PBXBuildFile; fileRef = 9B004DB01ABE5C1900A5C82F /* TestingPlayground_UITests.m */; };
		9B004DB61ABE5D4700A5C82F /* TestingPlayground_LocalizationTests.m in Sources */ = {isa = PBXBuildFile; fileRef = 9B004DB51ABE5D4700A5C82F /* TestingPlayground_LocalizationTests.m */; };
		9B38799B1ABE8CF200EC06F1 /* VIViewController.m in Sources */ = {isa = PBXBuildFile; fileRef = 33BCBF7E189C451C00479904 /* VIViewController.m */; };
		9BED00921AD58E90002FCB02 /* TestingPlayground_SuperBasicTests.m in Sources */ = {isa = PBXBuildFile; fileRef = 9BED00911AD58E90002FCB02 /* TestingPlayground_SuperBasicTests.m */; };
		A156493B5A8D8CE4317BC855 /* libPods.a in Frameworks */ = {isa = PBXBuildFile; fileRef = 8DA1E7B0177B14ED7ED8AA0D /* libPods.a */; };
		EC26D33DF658FD8D1F6D4411 /* libPods-TestingPlayground_UITests.a in Frameworks */ = {isa = PBXBuildFile; fileRef = FB6249BDE2CA73B029CF7A16 /* libPods-TestingPlayground_UITests.a */; };
		FA6D348A88B621C95F259978 /* libPods-TestingPlaygroundTests.a in Frameworks */ = {isa = PBXBuildFile; fileRef = 8E4C1C4AB20B6171A4E7B4A9 /* libPods-TestingPlaygroundTests.a */; };
/* End PBXBuildFile section */

/* Begin PBXContainerItemProxy section */
		33BCBF8B189C451C00479904 /* PBXContainerItemProxy */ = {
			isa = PBXContainerItemProxy;
			containerPortal = 33BCBF5A189C451C00479904 /* Project object */;
			proxyType = 1;
			remoteGlobalIDString = 33BCBF61189C451C00479904;
			remoteInfo = UITestingPlayground;
		};
		33FC5B3D189FF7310027ED82 /* PBXContainerItemProxy */ = {
			isa = PBXContainerItemProxy;
			containerPortal = 33BCBF5A189C451C00479904 /* Project object */;
			proxyType = 1;
			remoteGlobalIDString = 33BCBF61189C451C00479904;
			remoteInfo = UITestingPlayground;
		};
/* End PBXContainerItemProxy section */

/* Begin PBXFileReference section */
		0D09F1305E7BA5078EB053CB /* Pods-UITestingPlayground_UITests.debug.xcconfig */ = {isa = PBXFileReference; includeInIndex = 1; lastKnownFileType = text.xcconfig; name = "Pods-UITestingPlayground_UITests.debug.xcconfig"; path = "Pods/Target Support Files/Pods-UITestingPlayground_UITests/Pods-UITestingPlayground_UITests.debug.xcconfig"; sourceTree = "<group>"; };
		3342F9FC18A19FFE000578A9 /* es */ = {isa = PBXFileReference; lastKnownFileType = text.plist.strings; name = es; path = es.lproj/InfoPlist.strings; sourceTree = "<group>"; };
		3342FA0018A1A8D7000578A9 /* en */ = {isa = PBXFileReference; lastKnownFileType = text.plist.strings; name = en; path = en.lproj/Localizable.strings; sourceTree = "<group>"; };
		3342FA0218A1A8E5000578A9 /* es */ = {isa = PBXFileReference; lastKnownFileType = text.plist.strings; name = es; path = es.lproj/Localizable.strings; sourceTree = "<group>"; };
		339664FD1AC4AA2E0072AFE7 /* TestingPlayground_MockTests.m */ = {isa = PBXFileReference; fileEncoding = 4; lastKnownFileType = sourcecode.c.objc; path = TestingPlayground_MockTests.m; sourceTree = "<group>"; };
		339664FF1AC4B1010072AFE7 /* VITestingApplicationDelegate.h */ = {isa = PBXFileReference; fileEncoding = 4; lastKnownFileType = sourcecode.c.h; path = VITestingApplicationDelegate.h; sourceTree = "<group>"; };
		339665001AC4B1010072AFE7 /* VITestingApplicationDelegate.m */ = {isa = PBXFileReference; fileEncoding = 4; lastKnownFileType = sourcecode.c.objc; path = VITestingApplicationDelegate.m; sourceTree = "<group>"; };
		339665021AC4E5400072AFE7 /* Launch Screen.xib */ = {isa = PBXFileReference; fileEncoding = 4; lastKnownFileType = file.xib; path = "Launch Screen.xib"; sourceTree = "<group>"; };
		33BCBF62189C451C00479904 /* TestingPlayground.app */ = {isa = PBXFileReference; explicitFileType = wrapper.application; includeInIndex = 0; path = TestingPlayground.app; sourceTree = BUILT_PRODUCTS_DIR; };
		33BCBF65189C451C00479904 /* Foundation.framework */ = {isa = PBXFileReference; lastKnownFileType = wrapper.framework; name = Foundation.framework; path = System/Library/Frameworks/Foundation.framework; sourceTree = SDKROOT; };
		33BCBF67189C451C00479904 /* CoreGraphics.framework */ = {isa = PBXFileReference; lastKnownFileType = wrapper.framework; name = CoreGraphics.framework; path = System/Library/Frameworks/CoreGraphics.framework; sourceTree = SDKROOT; };
		33BCBF69189C451C00479904 /* UIKit.framework */ = {isa = PBXFileReference; lastKnownFileType = wrapper.framework; name = UIKit.framework; path = System/Library/Frameworks/UIKit.framework; sourceTree = SDKROOT; };
		33BCBF6D189C451C00479904 /* TestingPlayground-Info.plist */ = {isa = PBXFileReference; lastKnownFileType = text.plist.xml; path = "TestingPlayground-Info.plist"; sourceTree = "<group>"; };
		33BCBF6F189C451C00479904 /* en */ = {isa = PBXFileReference; lastKnownFileType = text.plist.strings; name = en; path = en.lproj/InfoPlist.strings; sourceTree = "<group>"; };
		33BCBF71189C451C00479904 /* main.m */ = {isa = PBXFileReference; lastKnownFileType = sourcecode.c.objc; path = main.m; sourceTree = "<group>"; };
		33BCBF73189C451C00479904 /* TestingPlayground-Prefix.pch */ = {isa = PBXFileReference; lastKnownFileType = sourcecode.c.h; path = "TestingPlayground-Prefix.pch"; sourceTree = "<group>"; };
		33BCBF74189C451C00479904 /* VIAppDelegate.h */ = {isa = PBXFileReference; lastKnownFileType = sourcecode.c.h; path = VIAppDelegate.h; sourceTree = "<group>"; };
		33BCBF75189C451C00479904 /* VIAppDelegate.m */ = {isa = PBXFileReference; lastKnownFileType = sourcecode.c.objc; path = VIAppDelegate.m; sourceTree = "<group>"; };
		33BCBF78189C451C00479904 /* Base */ = {isa = PBXFileReference; lastKnownFileType = file.storyboard; name = Base; path = Base.lproj/Main_iPhone.storyboard; sourceTree = "<group>"; };
		33BCBF7B189C451C00479904 /* Base */ = {isa = PBXFileReference; lastKnownFileType = file.storyboard; name = Base; path = Base.lproj/Main_iPad.storyboard; sourceTree = "<group>"; };
		33BCBF7D189C451C00479904 /* VIViewController.h */ = {isa = PBXFileReference; lastKnownFileType = sourcecode.c.h; path = VIViewController.h; sourceTree = "<group>"; };
		33BCBF7E189C451C00479904 /* VIViewController.m */ = {isa = PBXFileReference; lastKnownFileType = sourcecode.c.objc; path = VIViewController.m; sourceTree = "<group>"; };
		33BCBF80189C451C00479904 /* Images.xcassets */ = {isa = PBXFileReference; lastKnownFileType = folder.assetcatalog; path = Images.xcassets; sourceTree = "<group>"; };
		33BCBF86189C451C00479904 /* TestingPlaygroundTests.xctest */ = {isa = PBXFileReference; explicitFileType = wrapper.cfbundle; includeInIndex = 0; path = TestingPlaygroundTests.xctest; sourceTree = BUILT_PRODUCTS_DIR; };
		33BCBF87189C451C00479904 /* XCTest.framework */ = {isa = PBXFileReference; lastKnownFileType = wrapper.framework; name = XCTest.framework; path = Library/Frameworks/XCTest.framework; sourceTree = DEVELOPER_DIR; };
		33BCBF8F189C451C00479904 /* TestingPlaygroundTests-Info.plist */ = {isa = PBXFileReference; lastKnownFileType = text.plist.xml; path = "TestingPlaygroundTests-Info.plist"; sourceTree = "<group>"; };
		33BCBF91189C451C00479904 /* en */ = {isa = PBXFileReference; lastKnownFileType = text.plist.strings; name = en; path = en.lproj/InfoPlist.strings; sourceTree = "<group>"; };
		33BCBF93189C451C00479904 /* TestingPlayground_APITests.m */ = {isa = PBXFileReference; lastKnownFileType = sourcecode.c.objc; path = TestingPlayground_APITests.m; sourceTree = "<group>"; };
		33BCBF9D189C47E600479904 /* VIFakeAPI.h */ = {isa = PBXFileReference; fileEncoding = 4; lastKnownFileType = sourcecode.c.h; name = VIFakeAPI.h; path = FakeNetworking/VIFakeAPI.h; sourceTree = "<group>"; };
		33BCBF9E189C47E600479904 /* VIFakeAPI.m */ = {isa = PBXFileReference; fileEncoding = 4; lastKnownFileType = sourcecode.c.objc; name = VIFakeAPI.m; path = FakeNetworking/VIFakeAPI.m; sourceTree = "<group>"; };
		33FC5B30189FF7310027ED82 /* TestingPlayground_UITests.xctest */ = {isa = PBXFileReference; explicitFileType = wrapper.cfbundle; includeInIndex = 0; path = TestingPlayground_UITests.xctest; sourceTree = BUILT_PRODUCTS_DIR; };
		33FC5B44189FF9460027ED82 /* SenTestingKit.framework */ = {isa = PBXFileReference; lastKnownFileType = wrapper.framework; name = SenTestingKit.framework; path = Library/Frameworks/SenTestingKit.framework; sourceTree = DEVELOPER_DIR; };
		3F1F41D29A9C675A035959FF /* Pods-TestingPlaygroundTests.release.xcconfig */ = {isa = PBXFileReference; includeInIndex = 1; lastKnownFileType = text.xcconfig; name = "Pods-TestingPlaygroundTests.release.xcconfig"; path = "Pods/Target Support Files/Pods-TestingPlaygroundTests/Pods-TestingPlaygroundTests.release.xcconfig"; sourceTree = "<group>"; };
		51ED8CB4F8B154918DAA01C1 /* Pods-UITestingPlaygroundTests.debug.xcconfig */ = {isa = PBXFileReference; includeInIndex = 1; lastKnownFileType = text.xcconfig; name = "Pods-UITestingPlaygroundTests.debug.xcconfig"; path = "Pods/Target Support Files/Pods-UITestingPlaygroundTests/Pods-UITestingPlaygroundTests.debug.xcconfig"; sourceTree = "<group>"; };
		6B7BE6088E6B9701D6413418 /* libPods-UITestingPlayground_UITests.a */ = {isa = PBXFileReference; explicitFileType = archive.ar; includeInIndex = 0; path = "libPods-UITestingPlayground_UITests.a"; sourceTree = BUILT_PRODUCTS_DIR; };
		6F5E187245C793768BB089A3 /* Pods.debug.xcconfig */ = {isa = PBXFileReference; includeInIndex = 1; lastKnownFileType = text.xcconfig; name = Pods.debug.xcconfig; path = "Pods/Target Support Files/Pods/Pods.debug.xcconfig"; sourceTree = "<group>"; };
		8DA1E7B0177B14ED7ED8AA0D /* libPods.a */ = {isa = PBXFileReference; explicitFileType = archive.ar; includeInIndex = 0; path = libPods.a; sourceTree = BUILT_PRODUCTS_DIR; };
		8E4C1C4AB20B6171A4E7B4A9 /* libPods-TestingPlaygroundTests.a */ = {isa = PBXFileReference; explicitFileType = archive.ar; includeInIndex = 0; path = "libPods-TestingPlaygroundTests.a"; sourceTree = BUILT_PRODUCTS_DIR; };
		98275138726CEF095DE436CB /* Pods-TestingPlayground_UITests.release.xcconfig */ = {isa = PBXFileReference; includeInIndex = 1; lastKnownFileType = text.xcconfig; name = "Pods-TestingPlayground_UITests.release.xcconfig"; path = "Pods/Target Support Files/Pods-TestingPlayground_UITests/Pods-TestingPlayground_UITests.release.xcconfig"; sourceTree = "<group>"; };
		9B004DA21ABE4AF200A5C82F /* VIAccessibilityStrings.h */ = {isa = PBXFileReference; fileEncoding = 4; lastKnownFileType = sourcecode.c.h; path = VIAccessibilityStrings.h; sourceTree = "<group>"; };
		9B004DA31ABE4AF200A5C82F /* VIAccessibilityStrings.m */ = {isa = PBXFileReference; fileEncoding = 4; lastKnownFileType = sourcecode.c.objc; path = VIAccessibilityStrings.m; sourceTree = "<group>"; };
		9B004DA51ABE4BDD00A5C82F /* VILocalizedStrings.h */ = {isa = PBXFileReference; fileEncoding = 4; lastKnownFileType = sourcecode.c.h; path = VILocalizedStrings.h; sourceTree = "<group>"; };
		9B004DA61ABE4BDD00A5C82F /* VILocalizedStrings.m */ = {isa = PBXFileReference; fileEncoding = 4; lastKnownFileType = sourcecode.c.objc; path = VILocalizedStrings.m; sourceTree = "<group>"; };
		9B004DAC1ABE5C1900A5C82F /* en */ = {isa = PBXFileReference; lastKnownFileType = text.plist.strings; name = en; path = en.lproj/InfoPlist.strings; sourceTree = "<group>"; };
		9B004DAD1ABE5C1900A5C82F /* TestingPlayground_UITests-Info.plist */ = {isa = PBXFileReference; fileEncoding = 4; lastKnownFileType = text.plist.xml; path = "TestingPlayground_UITests-Info.plist"; sourceTree = "<group>"; };
		9B004DAE1ABE5C1900A5C82F /* TestingPlayground_UITests-Prefix.pch */ = {isa = PBXFileReference; fileEncoding = 4; lastKnownFileType = sourcecode.c.h; path = "TestingPlayground_UITests-Prefix.pch"; sourceTree = "<group>"; };
		9B004DB01ABE5C1900A5C82F /* TestingPlayground_UITests.m */ = {isa = PBXFileReference; fileEncoding = 4; lastKnownFileType = sourcecode.c.objc; path = TestingPlayground_UITests.m; sourceTree = "<group>"; };
		9B004DB51ABE5D4700A5C82F /* TestingPlayground_LocalizationTests.m */ = {isa = PBXFileReference; fileEncoding = 4; lastKnownFileType = sourcecode.c.objc; path = TestingPlayground_LocalizationTests.m; sourceTree = "<group>"; };
		9BED00911AD58E90002FCB02 /* TestingPlayground_SuperBasicTests.m */ = {isa = PBXFileReference; fileEncoding = 4; lastKnownFileType = sourcecode.c.objc; path = TestingPlayground_SuperBasicTests.m; sourceTree = "<group>"; };
		B81D6ED19B226E3F79D6D7C9 /* Pods-UITestingPlaygroundTests.release.xcconfig */ = {isa = PBXFileReference; includeInIndex = 1; lastKnownFileType = text.xcconfig; name = "Pods-UITestingPlaygroundTests.release.xcconfig"; path = "Pods/Target Support Files/Pods-UITestingPlaygroundTests/Pods-UITestingPlaygroundTests.release.xcconfig"; sourceTree = "<group>"; };
		D8F2B7270B5B235E1BFACA00 /* Pods.release.xcconfig */ = {isa = PBXFileReference; includeInIndex = 1; lastKnownFileType = text.xcconfig; name = Pods.release.xcconfig; path = "Pods/Target Support Files/Pods/Pods.release.xcconfig"; sourceTree = "<group>"; };
		D905BFB7AABB21A590E86BC9 /* Pods-TestingPlaygroundTests.debug.xcconfig */ = {isa = PBXFileReference; includeInIndex = 1; lastKnownFileType = text.xcconfig; name = "Pods-TestingPlaygroundTests.debug.xcconfig"; path = "Pods/Target Support Files/Pods-TestingPlaygroundTests/Pods-TestingPlaygroundTests.debug.xcconfig"; sourceTree = "<group>"; };
		DEE3CC92E0B72571B6E4213B /* Pods-UITestingPlayground_UITests.release.xcconfig */ = {isa = PBXFileReference; includeInIndex = 1; lastKnownFileType = text.xcconfig; name = "Pods-UITestingPlayground_UITests.release.xcconfig"; path = "Pods/Target Support Files/Pods-UITestingPlayground_UITests/Pods-UITestingPlayground_UITests.release.xcconfig"; sourceTree = "<group>"; };
		E5E588F68A252189D189ACF5 /* Pods-TestingPlayground_UITests.debug.xcconfig */ = {isa = PBXFileReference; includeInIndex = 1; lastKnownFileType = text.xcconfig; name = "Pods-TestingPlayground_UITests.debug.xcconfig"; path = "Pods/Target Support Files/Pods-TestingPlayground_UITests/Pods-TestingPlayground_UITests.debug.xcconfig"; sourceTree = "<group>"; };
		EEFE2165A50E1D0FCD32690C /* libPods-UITestingPlaygroundTests.a */ = {isa = PBXFileReference; explicitFileType = archive.ar; includeInIndex = 0; path = "libPods-UITestingPlaygroundTests.a"; sourceTree = BUILT_PRODUCTS_DIR; };
		FB6249BDE2CA73B029CF7A16 /* libPods-TestingPlayground_UITests.a */ = {isa = PBXFileReference; explicitFileType = archive.ar; includeInIndex = 0; path = "libPods-TestingPlayground_UITests.a"; sourceTree = BUILT_PRODUCTS_DIR; };
/* End PBXFileReference section */

/* Begin PBXFrameworksBuildPhase section */
		33BCBF5F189C451C00479904 /* Frameworks */ = {
			isa = PBXFrameworksBuildPhase;
			buildActionMask = 2147483647;
			files = (
				33BCBF68189C451C00479904 /* CoreGraphics.framework in Frameworks */,
				33BCBF6A189C451C00479904 /* UIKit.framework in Frameworks */,
				33BCBF66189C451C00479904 /* Foundation.framework in Frameworks */,
				A156493B5A8D8CE4317BC855 /* libPods.a in Frameworks */,
			);
			runOnlyForDeploymentPostprocessing = 0;
		};
		33BCBF83189C451C00479904 /* Frameworks */ = {
			isa = PBXFrameworksBuildPhase;
			buildActionMask = 2147483647;
			files = (
				33BCBF88189C451C00479904 /* XCTest.framework in Frameworks */,
				33BCBF8A189C451C00479904 /* UIKit.framework in Frameworks */,
				33BCBF89189C451C00479904 /* Foundation.framework in Frameworks */,
				FA6D348A88B621C95F259978 /* libPods-TestingPlaygroundTests.a in Frameworks */,
			);
			runOnlyForDeploymentPostprocessing = 0;
		};
		33FC5B2D189FF7310027ED82 /* Frameworks */ = {
			isa = PBXFrameworksBuildPhase;
			buildActionMask = 2147483647;
			files = (
				33FC5B45189FF9460027ED82 /* SenTestingKit.framework in Frameworks */,
				33FC5B43189FF7BE0027ED82 /* CoreGraphics.framework in Frameworks */,
				33FC5B31189FF7310027ED82 /* XCTest.framework in Frameworks */,
				33FC5B33189FF7310027ED82 /* UIKit.framework in Frameworks */,
				33FC5B32189FF7310027ED82 /* Foundation.framework in Frameworks */,
				EC26D33DF658FD8D1F6D4411 /* libPods-TestingPlayground_UITests.a in Frameworks */,
			);
			runOnlyForDeploymentPostprocessing = 0;
		};
/* End PBXFrameworksBuildPhase section */

/* Begin PBXGroup section */
		33BCBF59189C451C00479904 = {
			isa = PBXGroup;
			children = (
				33BCBF6B189C451C00479904 /* UITestingPlayground */,
				33BCBF8D189C451C00479904 /* UITestingPlaygroundTests */,
				9B004DAA1ABE5C1900A5C82F /* UITestingPlayground_UITests */,
				33BCBF64189C451C00479904 /* Frameworks */,
				33BCBF63189C451C00479904 /* Products */,
				BC33153A9545617E506000E6 /* Pods */,
			);
			sourceTree = "<group>";
		};
		33BCBF63189C451C00479904 /* Products */ = {
			isa = PBXGroup;
			children = (
				33BCBF62189C451C00479904 /* TestingPlayground.app */,
				33BCBF86189C451C00479904 /* TestingPlaygroundTests.xctest */,
				33FC5B30189FF7310027ED82 /* TestingPlayground_UITests.xctest */,
			);
			name = Products;
			sourceTree = "<group>";
		};
		33BCBF64189C451C00479904 /* Frameworks */ = {
			isa = PBXGroup;
			children = (
				33FC5B44189FF9460027ED82 /* SenTestingKit.framework */,
				33BCBF65189C451C00479904 /* Foundation.framework */,
				33BCBF67189C451C00479904 /* CoreGraphics.framework */,
				33BCBF69189C451C00479904 /* UIKit.framework */,
				33BCBF87189C451C00479904 /* XCTest.framework */,
				6B7BE6088E6B9701D6413418 /* libPods-UITestingPlayground_UITests.a */,
				EEFE2165A50E1D0FCD32690C /* libPods-UITestingPlaygroundTests.a */,
				8DA1E7B0177B14ED7ED8AA0D /* libPods.a */,
				8E4C1C4AB20B6171A4E7B4A9 /* libPods-TestingPlaygroundTests.a */,
				FB6249BDE2CA73B029CF7A16 /* libPods-TestingPlayground_UITests.a */,
			);
			name = Frameworks;
			sourceTree = "<group>";
		};
		33BCBF6B189C451C00479904 /* UITestingPlayground */ = {
			isa = PBXGroup;
			children = (
				33BCBF74189C451C00479904 /* VIAppDelegate.h */,
				33BCBF75189C451C00479904 /* VIAppDelegate.m */,
				339664FF1AC4B1010072AFE7 /* VITestingApplicationDelegate.h */,
				339665001AC4B1010072AFE7 /* VITestingApplicationDelegate.m */,
				33BCBF9D189C47E600479904 /* VIFakeAPI.h */,
				33BCBF9E189C47E600479904 /* VIFakeAPI.m */,
				9B004DA21ABE4AF200A5C82F /* VIAccessibilityStrings.h */,
				9B004DA31ABE4AF200A5C82F /* VIAccessibilityStrings.m */,
				9B004DA51ABE4BDD00A5C82F /* VILocalizedStrings.h */,
				9B004DA61ABE4BDD00A5C82F /* VILocalizedStrings.m */,
				33BCBF77189C451C00479904 /* Main_iPhone.storyboard */,
				33BCBF7A189C451C00479904 /* Main_iPad.storyboard */,
				339665021AC4E5400072AFE7 /* Launch Screen.xib */,
				33BCBF7D189C451C00479904 /* VIViewController.h */,
				33BCBF7E189C451C00479904 /* VIViewController.m */,
				33BCBF80189C451C00479904 /* Images.xcassets */,
				33BCBF6C189C451C00479904 /* Supporting Files */,
			);
			path = UITestingPlayground;
			sourceTree = "<group>";
		};
		33BCBF6C189C451C00479904 /* Supporting Files */ = {
			isa = PBXGroup;
			children = (
				33BCBF6D189C451C00479904 /* TestingPlayground-Info.plist */,
				33BCBF6E189C451C00479904 /* InfoPlist.strings */,
				3342F9FF18A1A8D7000578A9 /* Localizable.strings */,
				33BCBF71189C451C00479904 /* main.m */,
				33BCBF73189C451C00479904 /* TestingPlayground-Prefix.pch */,
			);
			name = "Supporting Files";
			sourceTree = "<group>";
		};
		33BCBF8D189C451C00479904 /* UITestingPlaygroundTests */ = {
			isa = PBXGroup;
			children = (
				33BCBF93189C451C00479904 /* TestingPlayground_APITests.m */,
				9B004DB51ABE5D4700A5C82F /* TestingPlayground_LocalizationTests.m */,
				339664FD1AC4AA2E0072AFE7 /* TestingPlayground_MockTests.m */,
				9BED00911AD58E90002FCB02 /* TestingPlayground_SuperBasicTests.m */,
				33BCBF8E189C451C00479904 /* Supporting Files */,
			);
			path = UITestingPlaygroundTests;
			sourceTree = "<group>";
		};
		33BCBF8E189C451C00479904 /* Supporting Files */ = {
			isa = PBXGroup;
			children = (
				33BCBF8F189C451C00479904 /* TestingPlaygroundTests-Info.plist */,
				33BCBF90189C451C00479904 /* InfoPlist.strings */,
			);
			name = "Supporting Files";
			sourceTree = "<group>";
		};
		9B004DAA1ABE5C1900A5C82F /* UITestingPlayground_UITests */ = {
			isa = PBXGroup;
			children = (
				9B004DAB1ABE5C1900A5C82F /* InfoPlist.strings */,
				9B004DAD1ABE5C1900A5C82F /* TestingPlayground_UITests-Info.plist */,
				9B004DAE1ABE5C1900A5C82F /* TestingPlayground_UITests-Prefix.pch */,
				9B004DB01ABE5C1900A5C82F /* TestingPlayground_UITests.m */,
			);
			path = UITestingPlayground_UITests;
			sourceTree = "<group>";
		};
		BC33153A9545617E506000E6 /* Pods */ = {
			isa = PBXGroup;
			children = (
				0D09F1305E7BA5078EB053CB /* Pods-UITestingPlayground_UITests.debug.xcconfig */,
				DEE3CC92E0B72571B6E4213B /* Pods-UITestingPlayground_UITests.release.xcconfig */,
				51ED8CB4F8B154918DAA01C1 /* Pods-UITestingPlaygroundTests.debug.xcconfig */,
				B81D6ED19B226E3F79D6D7C9 /* Pods-UITestingPlaygroundTests.release.xcconfig */,
				6F5E187245C793768BB089A3 /* Pods.debug.xcconfig */,
				D8F2B7270B5B235E1BFACA00 /* Pods.release.xcconfig */,
				D905BFB7AABB21A590E86BC9 /* Pods-TestingPlaygroundTests.debug.xcconfig */,
				3F1F41D29A9C675A035959FF /* Pods-TestingPlaygroundTests.release.xcconfig */,
				E5E588F68A252189D189ACF5 /* Pods-TestingPlayground_UITests.debug.xcconfig */,
				98275138726CEF095DE436CB /* Pods-TestingPlayground_UITests.release.xcconfig */,
			);
			name = Pods;
			sourceTree = "<group>";
		};
/* End PBXGroup section */

/* Begin PBXNativeTarget section */
		33BCBF61189C451C00479904 /* TestingPlayground */ = {
			isa = PBXNativeTarget;
			buildConfigurationList = 33BCBF97189C451C00479904 /* Build configuration list for PBXNativeTarget "TestingPlayground" */;
			buildPhases = (
				6E566D7E1D60CD1BB7B19330 /* Check Pods Manifest.lock */,
				33BCBF5E189C451C00479904 /* Sources */,
				33BCBF5F189C451C00479904 /* Frameworks */,
				33BCBF60189C451C00479904 /* Resources */,
				D2296B9BF08B30B8313C40ED /* Copy Pods Resources */,
				406DC1C8056B76606930C08A /* Embed Pods Frameworks */,
			);
			buildRules = (
			);
			dependencies = (
			);
			name = TestingPlayground;
			productName = UITestingPlayground;
			productReference = 33BCBF62189C451C00479904 /* TestingPlayground.app */;
			productType = "com.apple.product-type.application";
		};
		33BCBF85189C451C00479904 /* TestingPlaygroundTests */ = {
			isa = PBXNativeTarget;
			buildConfigurationList = 33BCBF9A189C451C00479904 /* Build configuration list for PBXNativeTarget "TestingPlaygroundTests" */;
			buildPhases = (
				15085EEC887753222D514730 /* Check Pods Manifest.lock */,
				33BCBF82189C451C00479904 /* Sources */,
				33BCBF83189C451C00479904 /* Frameworks */,
				33BCBF84189C451C00479904 /* Resources */,
				D69A9046B88B718303998AB4 /* Copy Pods Resources */,
				5F141AC095F7FA0A9ACE442A /* Embed Pods Frameworks */,
			);
			buildRules = (
			);
			dependencies = (
				33BCBF8C189C451C00479904 /* PBXTargetDependency */,
			);
			name = TestingPlaygroundTests;
			productName = UITestingPlaygroundTests;
			productReference = 33BCBF86189C451C00479904 /* TestingPlaygroundTests.xctest */;
			productType = "com.apple.product-type.bundle.unit-test";
		};
		33FC5B2F189FF7310027ED82 /* TestingPlayground_UITests */ = {
			isa = PBXNativeTarget;
			buildConfigurationList = 33FC5B3F189FF7310027ED82 /* Build configuration list for PBXNativeTarget "TestingPlayground_UITests" */;
			buildPhases = (
				237E1EFE1F8C92B4F1942533 /* Check Pods Manifest.lock */,
				33FC5B2C189FF7310027ED82 /* Sources */,
				33FC5B2D189FF7310027ED82 /* Frameworks */,
				33FC5B2E189FF7310027ED82 /* Resources */,
				37D08A2AB79D0B783258E0A6 /* Copy Pods Resources */,
				DF2FBA9727331FD4001E4EE9 /* Embed Pods Frameworks */,
			);
			buildRules = (
			);
			dependencies = (
				33FC5B3E189FF7310027ED82 /* PBXTargetDependency */,
			);
			name = TestingPlayground_UITests;
			productName = "UITestingPlayground Tests";
			productReference = 33FC5B30189FF7310027ED82 /* TestingPlayground_UITests.xctest */;
			productType = "com.apple.product-type.bundle.unit-test";
		};
/* End PBXNativeTarget section */

/* Begin PBXProject section */
		33BCBF5A189C451C00479904 /* Project object */ = {
			isa = PBXProject;
			attributes = {
				CLASSPREFIX = VI;
				LastTestingUpgradeCheck = 0730;
				LastUpgradeCheck = 0730;
				ORGANIZATIONNAME = "Ellen Shapiro";
				TargetAttributes = {
					33BCBF85189C451C00479904 = {
						TestTargetID = 33BCBF61189C451C00479904;
					};
					33FC5B2F189FF7310027ED82 = {
						TestTargetID = 33BCBF61189C451C00479904;
					};
				};
			};
			buildConfigurationList = 33BCBF5D189C451C00479904 /* Build configuration list for PBXProject "TestingPlayground" */;
			compatibilityVersion = "Xcode 3.2";
			developmentRegion = English;
			hasScannedForEncodings = 0;
			knownRegions = (
				en,
				Base,
				es,
			);
			mainGroup = 33BCBF59189C451C00479904;
			productRefGroup = 33BCBF63189C451C00479904 /* Products */;
			projectDirPath = "";
			projectRoot = "";
			targets = (
				33BCBF61189C451C00479904 /* TestingPlayground */,
				33BCBF85189C451C00479904 /* TestingPlaygroundTests */,
				33FC5B2F189FF7310027ED82 /* TestingPlayground_UITests */,
			);
		};
/* End PBXProject section */

/* Begin PBXResourcesBuildPhase section */
		33BCBF60189C451C00479904 /* Resources */ = {
			isa = PBXResourcesBuildPhase;
			buildActionMask = 2147483647;
			files = (
				3342FA0118A1A8D7000578A9 /* Localizable.strings in Resources */,
				33BCBF7C189C451C00479904 /* Main_iPad.storyboard in Resources */,
				33BCBF81189C451C00479904 /* Images.xcassets in Resources */,
				33BCBF79189C451C00479904 /* Main_iPhone.storyboard in Resources */,
				33BCBF70189C451C00479904 /* InfoPlist.strings in Resources */,
				339665031AC4E5400072AFE7 /* Launch Screen.xib in Resources */,
			);
			runOnlyForDeploymentPostprocessing = 0;
		};
		33BCBF84189C451C00479904 /* Resources */ = {
			isa = PBXResourcesBuildPhase;
			buildActionMask = 2147483647;
			files = (
				33BCBF92189C451C00479904 /* InfoPlist.strings in Resources */,
			);
			runOnlyForDeploymentPostprocessing = 0;
		};
		33FC5B2E189FF7310027ED82 /* Resources */ = {
			isa = PBXResourcesBuildPhase;
			buildActionMask = 2147483647;
			files = (
			);
			runOnlyForDeploymentPostprocessing = 0;
		};
/* End PBXResourcesBuildPhase section */

/* Begin PBXShellScriptBuildPhase section */
		15085EEC887753222D514730 /* Check Pods Manifest.lock */ = {
			isa = PBXShellScriptBuildPhase;
			buildActionMask = 2147483647;
			files = (
			);
			inputPaths = (
			);
			name = "Check Pods Manifest.lock";
			outputPaths = (
			);
			runOnlyForDeploymentPostprocessing = 0;
			shellPath = /bin/sh;
			shellScript = "diff \"${PODS_ROOT}/../Podfile.lock\" \"${PODS_ROOT}/Manifest.lock\" > /dev/null\nif [[ $? != 0 ]] ; then\n    cat << EOM\nerror: The sandbox is not in sync with the Podfile.lock. Run 'pod install' or update your CocoaPods installation.\nEOM\n    exit 1\nfi\n";
			showEnvVarsInLog = 0;
		};
		237E1EFE1F8C92B4F1942533 /* Check Pods Manifest.lock */ = {
			isa = PBXShellScriptBuildPhase;
			buildActionMask = 2147483647;
			files = (
			);
			inputPaths = (
			);
			name = "Check Pods Manifest.lock";
			outputPaths = (
			);
			runOnlyForDeploymentPostprocessing = 0;
			shellPath = /bin/sh;
			shellScript = "diff \"${PODS_ROOT}/../Podfile.lock\" \"${PODS_ROOT}/Manifest.lock\" > /dev/null\nif [[ $? != 0 ]] ; then\n    cat << EOM\nerror: The sandbox is not in sync with the Podfile.lock. Run 'pod install' or update your CocoaPods installation.\nEOM\n    exit 1\nfi\n";
			showEnvVarsInLog = 0;
		};
		37D08A2AB79D0B783258E0A6 /* Copy Pods Resources */ = {
			isa = PBXShellScriptBuildPhase;
			buildActionMask = 2147483647;
			files = (
			);
			inputPaths = (
			);
			name = "Copy Pods Resources";
			outputPaths = (
			);
			runOnlyForDeploymentPostprocessing = 0;
			shellPath = /bin/sh;
			shellScript = "\"${SRCROOT}/Pods/Target Support Files/Pods-TestingPlayground_UITests/Pods-TestingPlayground_UITests-resources.sh\"\n";
			showEnvVarsInLog = 0;
		};
		406DC1C8056B76606930C08A /* Embed Pods Frameworks */ = {
			isa = PBXShellScriptBuildPhase;
			buildActionMask = 2147483647;
			files = (
			);
			inputPaths = (
			);
			name = "Embed Pods Frameworks";
			outputPaths = (
			);
			runOnlyForDeploymentPostprocessing = 0;
			shellPath = /bin/sh;
			shellScript = "\"${SRCROOT}/Pods/Target Support Files/Pods/Pods-frameworks.sh\"\n";
			showEnvVarsInLog = 0;
		};
		5F141AC095F7FA0A9ACE442A /* Embed Pods Frameworks */ = {
			isa = PBXShellScriptBuildPhase;
			buildActionMask = 2147483647;
			files = (
			);
			inputPaths = (
			);
			name = "Embed Pods Frameworks";
			outputPaths = (
			);
			runOnlyForDeploymentPostprocessing = 0;
			shellPath = /bin/sh;
			shellScript = "\"${SRCROOT}/Pods/Target Support Files/Pods-TestingPlaygroundTests/Pods-TestingPlaygroundTests-frameworks.sh\"\n";
			showEnvVarsInLog = 0;
		};
		6E566D7E1D60CD1BB7B19330 /* Check Pods Manifest.lock */ = {
			isa = PBXShellScriptBuildPhase;
			buildActionMask = 2147483647;
			files = (
			);
			inputPaths = (
			);
			name = "Check Pods Manifest.lock";
			outputPaths = (
			);
			runOnlyForDeploymentPostprocessing = 0;
			shellPath = /bin/sh;
			shellScript = "diff \"${PODS_ROOT}/../Podfile.lock\" \"${PODS_ROOT}/Manifest.lock\" > /dev/null\nif [[ $? != 0 ]] ; then\n    cat << EOM\nerror: The sandbox is not in sync with the Podfile.lock. Run 'pod install' or update your CocoaPods installation.\nEOM\n    exit 1\nfi\n";
			showEnvVarsInLog = 0;
		};
		D2296B9BF08B30B8313C40ED /* Copy Pods Resources */ = {
			isa = PBXShellScriptBuildPhase;
			buildActionMask = 2147483647;
			files = (
			);
			inputPaths = (
			);
			name = "Copy Pods Resources";
			outputPaths = (
			);
			runOnlyForDeploymentPostprocessing = 0;
			shellPath = /bin/sh;
			shellScript = "\"${SRCROOT}/Pods/Target Support Files/Pods/Pods-resources.sh\"\n";
			showEnvVarsInLog = 0;
		};
		D69A9046B88B718303998AB4 /* Copy Pods Resources */ = {
			isa = PBXShellScriptBuildPhase;
			buildActionMask = 2147483647;
			files = (
			);
			inputPaths = (
			);
			name = "Copy Pods Resources";
			outputPaths = (
			);
			runOnlyForDeploymentPostprocessing = 0;
			shellPath = /bin/sh;
			shellScript = "\"${SRCROOT}/Pods/Target Support Files/Pods-TestingPlaygroundTests/Pods-TestingPlaygroundTests-resources.sh\"\n";
			showEnvVarsInLog = 0;
		};
		DF2FBA9727331FD4001E4EE9 /* Embed Pods Frameworks */ = {
			isa = PBXShellScriptBuildPhase;
			buildActionMask = 2147483647;
			files = (
			);
			inputPaths = (
			);
			name = "Embed Pods Frameworks";
			outputPaths = (
			);
			runOnlyForDeploymentPostprocessing = 0;
			shellPath = /bin/sh;
			shellScript = "\"${SRCROOT}/Pods/Target Support Files/Pods-TestingPlayground_UITests/Pods-TestingPlayground_UITests-frameworks.sh\"\n";
			showEnvVarsInLog = 0;
		};
/* End PBXShellScriptBuildPhase section */

/* Begin PBXSourcesBuildPhase section */
		33BCBF5E189C451C00479904 /* Sources */ = {
			isa = PBXSourcesBuildPhase;
			buildActionMask = 2147483647;
			files = (
				9B004DA41ABE4AF200A5C82F /* VIAccessibilityStrings.m in Sources */,
				33BCBF72189C451C00479904 /* main.m in Sources */,
				33BCBF7F189C451C00479904 /* VIViewController.m in Sources */,
				9B004DA71ABE4BDD00A5C82F /* VILocalizedStrings.m in Sources */,
				33BCBF9F189C47E600479904 /* VIFakeAPI.m in Sources */,
				339665011AC4B1010072AFE7 /* VITestingApplicationDelegate.m in Sources */,
				33BCBF76189C451C00479904 /* VIAppDelegate.m in Sources */,
			);
			runOnlyForDeploymentPostprocessing = 0;
		};
		33BCBF82189C451C00479904 /* Sources */ = {
			isa = PBXSourcesBuildPhase;
			buildActionMask = 2147483647;
			files = (
				9BED00921AD58E90002FCB02 /* TestingPlayground_SuperBasicTests.m in Sources */,
				33BCBF94189C451C00479904 /* TestingPlayground_APITests.m in Sources */,
				339664FE1AC4AA2E0072AFE7 /* TestingPlayground_MockTests.m in Sources */,
				9B004DB61ABE5D4700A5C82F /* TestingPlayground_LocalizationTests.m in Sources */,
			);
			runOnlyForDeploymentPostprocessing = 0;
		};
		33FC5B2C189FF7310027ED82 /* Sources */ = {
			isa = PBXSourcesBuildPhase;
			buildActionMask = 2147483647;
			files = (
				9B004DB41ABE5C1900A5C82F /* TestingPlayground_UITests.m in Sources */,
				9B38799B1ABE8CF200EC06F1 /* VIViewController.m in Sources */,
			);
			runOnlyForDeploymentPostprocessing = 0;
		};
/* End PBXSourcesBuildPhase section */

/* Begin PBXTargetDependency section */
		33BCBF8C189C451C00479904 /* PBXTargetDependency */ = {
			isa = PBXTargetDependency;
			target = 33BCBF61189C451C00479904 /* TestingPlayground */;
			targetProxy = 33BCBF8B189C451C00479904 /* PBXContainerItemProxy */;
		};
		33FC5B3E189FF7310027ED82 /* PBXTargetDependency */ = {
			isa = PBXTargetDependency;
			target = 33BCBF61189C451C00479904 /* TestingPlayground */;
			targetProxy = 33FC5B3D189FF7310027ED82 /* PBXContainerItemProxy */;
		};
/* End PBXTargetDependency section */

/* Begin PBXVariantGroup section */
		3342F9FF18A1A8D7000578A9 /* Localizable.strings */ = {
			isa = PBXVariantGroup;
			children = (
				3342FA0018A1A8D7000578A9 /* en */,
				3342FA0218A1A8E5000578A9 /* es */,
			);
			name = Localizable.strings;
			sourceTree = "<group>";
		};
		33BCBF6E189C451C00479904 /* InfoPlist.strings */ = {
			isa = PBXVariantGroup;
			children = (
				33BCBF6F189C451C00479904 /* en */,
				3342F9FC18A19FFE000578A9 /* es */,
			);
			name = InfoPlist.strings;
			sourceTree = "<group>";
		};
		33BCBF77189C451C00479904 /* Main_iPhone.storyboard */ = {
			isa = PBXVariantGroup;
			children = (
				33BCBF78189C451C00479904 /* Base */,
			);
			name = Main_iPhone.storyboard;
			sourceTree = "<group>";
		};
		33BCBF7A189C451C00479904 /* Main_iPad.storyboard */ = {
			isa = PBXVariantGroup;
			children = (
				33BCBF7B189C451C00479904 /* Base */,
			);
			name = Main_iPad.storyboard;
			sourceTree = "<group>";
		};
		33BCBF90189C451C00479904 /* InfoPlist.strings */ = {
			isa = PBXVariantGroup;
			children = (
				33BCBF91189C451C00479904 /* en */,
			);
			name = InfoPlist.strings;
			sourceTree = "<group>";
		};
		9B004DAB1ABE5C1900A5C82F /* InfoPlist.strings */ = {
			isa = PBXVariantGroup;
			children = (
				9B004DAC1ABE5C1900A5C82F /* en */,
			);
			name = InfoPlist.strings;
			sourceTree = "<group>";
		};
/* End PBXVariantGroup section */

/* Begin XCBuildConfiguration section */
		33BCBF95189C451C00479904 /* Debug */ = {
			isa = XCBuildConfiguration;
			buildSettings = {
				ALWAYS_SEARCH_USER_PATHS = NO;
				CLANG_CXX_LANGUAGE_STANDARD = "gnu++0x";
				CLANG_CXX_LIBRARY = "libc++";
				CLANG_ENABLE_MODULES = YES;
				CLANG_ENABLE_OBJC_ARC = YES;
				CLANG_WARN_BOOL_CONVERSION = YES;
				CLANG_WARN_CONSTANT_CONVERSION = YES;
				CLANG_WARN_DIRECT_OBJC_ISA_USAGE = YES_ERROR;
				CLANG_WARN_EMPTY_BODY = YES;
				CLANG_WARN_ENUM_CONVERSION = YES;
				CLANG_WARN_INT_CONVERSION = YES;
				CLANG_WARN_OBJC_ROOT_CLASS = YES_ERROR;
				CLANG_WARN__DUPLICATE_METHOD_MATCH = YES;
				"CODE_SIGN_IDENTITY[sdk=iphoneos*]" = "iPhone Developer";
				COPY_PHASE_STRIP = NO;
				ENABLE_TESTABILITY = YES;
				GCC_C_LANGUAGE_STANDARD = gnu99;
				GCC_DYNAMIC_NO_PIC = NO;
				GCC_OPTIMIZATION_LEVEL = 0;
				GCC_PREPROCESSOR_DEFINITIONS = (
					"DEBUG=1",
					"$(inherited)",
				);
				GCC_SYMBOLS_PRIVATE_EXTERN = NO;
				GCC_WARN_64_TO_32_BIT_CONVERSION = YES;
				GCC_WARN_ABOUT_RETURN_TYPE = YES_ERROR;
				GCC_WARN_UNDECLARED_SELECTOR = YES;
				GCC_WARN_UNINITIALIZED_AUTOS = YES;
				GCC_WARN_UNUSED_FUNCTION = YES;
				GCC_WARN_UNUSED_VARIABLE = YES;
				IPHONEOS_DEPLOYMENT_TARGET = 7.0;
				ONLY_ACTIVE_ARCH = YES;
				SDKROOT = iphoneos;
				TARGETED_DEVICE_FAMILY = "1,2";
				WRAPPER_EXTENSION = xctest;
			};
			name = Debug;
		};
		33BCBF96189C451C00479904 /* Release */ = {
			isa = XCBuildConfiguration;
			buildSettings = {
				ALWAYS_SEARCH_USER_PATHS = NO;
				CLANG_CXX_LANGUAGE_STANDARD = "gnu++0x";
				CLANG_CXX_LIBRARY = "libc++";
				CLANG_ENABLE_MODULES = YES;
				CLANG_ENABLE_OBJC_ARC = YES;
				CLANG_WARN_BOOL_CONVERSION = YES;
				CLANG_WARN_CONSTANT_CONVERSION = YES;
				CLANG_WARN_DIRECT_OBJC_ISA_USAGE = YES_ERROR;
				CLANG_WARN_EMPTY_BODY = YES;
				CLANG_WARN_ENUM_CONVERSION = YES;
				CLANG_WARN_INT_CONVERSION = YES;
				CLANG_WARN_OBJC_ROOT_CLASS = YES_ERROR;
				CLANG_WARN__DUPLICATE_METHOD_MATCH = YES;
				"CODE_SIGN_IDENTITY[sdk=iphoneos*]" = "iPhone Developer";
				COPY_PHASE_STRIP = YES;
				ENABLE_NS_ASSERTIONS = NO;
				GCC_C_LANGUAGE_STANDARD = gnu99;
				GCC_WARN_64_TO_32_BIT_CONVERSION = YES;
				GCC_WARN_ABOUT_RETURN_TYPE = YES_ERROR;
				GCC_WARN_UNDECLARED_SELECTOR = YES;
				GCC_WARN_UNINITIALIZED_AUTOS = YES;
				GCC_WARN_UNUSED_FUNCTION = YES;
				GCC_WARN_UNUSED_VARIABLE = YES;
				IPHONEOS_DEPLOYMENT_TARGET = 7.0;
				SDKROOT = iphoneos;
				TARGETED_DEVICE_FAMILY = "1,2";
				VALIDATE_PRODUCT = YES;
				WRAPPER_EXTENSION = xctest;
			};
			name = Release;
		};
		33BCBF98189C451C00479904 /* Debug */ = {
			isa = XCBuildConfiguration;
			baseConfigurationReference = 6F5E187245C793768BB089A3 /* Pods.debug.xcconfig */;
			buildSettings = {
				ASSETCATALOG_COMPILER_APPICON_NAME = AppIcon;
				GCC_PRECOMPILE_PREFIX_HEADER = YES;
				GCC_PREFIX_HEADER = "UITestingPlayground/TestingPlayground-Prefix.pch";
				HEADER_SEARCH_PATHS = "$(inherited)";
				INFOPLIST_FILE = "UITestingPlayground/TestingPlayground-Info.plist";
				IPHONEOS_DEPLOYMENT_TARGET = 8.0;
				OTHER_LDFLAGS = (
					"$(inherited)",
					"-l\"Pods-Reachability\"",
					"-framework",
					"\"SystemConfiguration\"",
				);
				PRODUCT_BUNDLE_IDENTIFIER = "com.vokalinteractive.${PRODUCT_NAME:rfc1034identifier}";
				PRODUCT_NAME = TestingPlayground;
				WRAPPER_EXTENSION = app;
			};
			name = Debug;
		};
		33BCBF99189C451C00479904 /* Release */ = {
			isa = XCBuildConfiguration;
			baseConfigurationReference = D8F2B7270B5B235E1BFACA00 /* Pods.release.xcconfig */;
			buildSettings = {
				ASSETCATALOG_COMPILER_APPICON_NAME = AppIcon;
				GCC_PRECOMPILE_PREFIX_HEADER = YES;
				GCC_PREFIX_HEADER = "UITestingPlayground/TestingPlayground-Prefix.pch";
				HEADER_SEARCH_PATHS = "$(inherited)";
				INFOPLIST_FILE = "UITestingPlayground/TestingPlayground-Info.plist";
				IPHONEOS_DEPLOYMENT_TARGET = 8.0;
				OTHER_LDFLAGS = (
					"$(inherited)",
					"-l\"Pods-Reachability\"",
					"-framework",
					"\"SystemConfiguration\"",
				);
				PRODUCT_BUNDLE_IDENTIFIER = "com.vokalinteractive.${PRODUCT_NAME:rfc1034identifier}";
				PRODUCT_NAME = TestingPlayground;
				WRAPPER_EXTENSION = app;
			};
			name = Release;
		};
		33BCBF9B189C451C00479904 /* Debug */ = {
			isa = XCBuildConfiguration;
			baseConfigurationReference = D905BFB7AABB21A590E86BC9 /* Pods-TestingPlaygroundTests.debug.xcconfig */;
			buildSettings = {
				BUNDLE_LOADER = "$(BUILT_PRODUCTS_DIR)/TestingPlayground.app/TestingPlayground";
				FRAMEWORK_SEARCH_PATHS = (
					"$(inherited)",
					"$(DEVELOPER_FRAMEWORKS_DIR)",
				);
				GCC_PRECOMPILE_PREFIX_HEADER = YES;
				GCC_PREFIX_HEADER = "UITestingPlayground/TestingPlayground-Prefix.pch";
				GCC_PREPROCESSOR_DEFINITIONS = (
					"DEBUG=1",
					"$(inherited)",
				);
				INFOPLIST_FILE = "UITestingPlaygroundTests/TestingPlaygroundTests-Info.plist";
				OTHER_LDFLAGS = (
					"$(inherited)",
					"-l\"Pods-TestingPlaygroundTests-DNSiOSLocalizationTestHelpers\"",
					"-l\"Pods-TestingPlaygroundTests-OCHamcrest\"",
					"-l\"Pods-TestingPlaygroundTests-OCMockito\"",
					"-l\"Pods-TestingPlaygroundTests-Reachability\"",
					"-framework",
					"\"SystemConfiguration\"",
					"-framework",
					"\"XCTest\"",
				);
				PRODUCT_BUNDLE_IDENTIFIER = "com.vokalinteractive.${PRODUCT_NAME:rfc1034identifier}";
				PRODUCT_NAME = TestingPlaygroundTests;
				TEST_HOST = "$(BUNDLE_LOADER)";
				WRAPPER_EXTENSION = xctest;
			};
			name = Debug;
		};
		33BCBF9C189C451C00479904 /* Release */ = {
			isa = XCBuildConfiguration;
			baseConfigurationReference = 3F1F41D29A9C675A035959FF /* Pods-TestingPlaygroundTests.release.xcconfig */;
			buildSettings = {
				BUNDLE_LOADER = "$(BUILT_PRODUCTS_DIR)/TestingPlayground.app/TestingPlayground";
				FRAMEWORK_SEARCH_PATHS = (
					"$(inherited)",
					"$(DEVELOPER_FRAMEWORKS_DIR)",
				);
				GCC_PRECOMPILE_PREFIX_HEADER = YES;
				GCC_PREFIX_HEADER = "UITestingPlayground/TestingPlayground-Prefix.pch";
				INFOPLIST_FILE = "UITestingPlaygroundTests/TestingPlaygroundTests-Info.plist";
				OTHER_LDFLAGS = (
					"$(inherited)",
					"-l\"Pods-TestingPlaygroundTests-DNSiOSLocalizationTestHelpers\"",
					"-l\"Pods-TestingPlaygroundTests-OCHamcrest\"",
					"-l\"Pods-TestingPlaygroundTests-OCMockito\"",
					"-l\"Pods-TestingPlaygroundTests-Reachability\"",
					"-framework",
					"\"SystemConfiguration\"",
					"-framework",
					"\"XCTest\"",
				);
				PRODUCT_BUNDLE_IDENTIFIER = "com.vokalinteractive.${PRODUCT_NAME:rfc1034identifier}";
				PRODUCT_NAME = TestingPlaygroundTests;
				TEST_HOST = "$(BUNDLE_LOADER)";
				WRAPPER_EXTENSION = xctest;
			};
			name = Release;
		};
		33FC5B40189FF7310027ED82 /* Debug */ = {
			isa = XCBuildConfiguration;
			baseConfigurationReference = E5E588F68A252189D189ACF5 /* Pods-TestingPlayground_UITests.debug.xcconfig */;
			buildSettings = {
				BUNDLE_LOADER = "$(BUILT_PRODUCTS_DIR)/TestingPlayground.app/TestingPlayground";
				FRAMEWORK_SEARCH_PATHS = (
					"$(SDKROOT)/Developer/Library/Frameworks",
					"$(inherited)",
					"$(DEVELOPER_FRAMEWORKS_DIR)",
				);
				GCC_PRECOMPILE_PREFIX_HEADER = YES;
				GCC_PREFIX_HEADER = "UITestingPlayground_UITests/TestingPlayground_UITests-Prefix.pch";
				GCC_PREPROCESSOR_DEFINITIONS = (
					"DEBUG=1",
					"$(inherited)",
				);
				INFOPLIST_FILE = "UITestingPlayground_UITests/TestingPlayground_UITests-Info.plist";
				OTHER_LDFLAGS = "$(inherited)";
				PRODUCT_BUNDLE_IDENTIFIER = "com.vokalinteractive.${PRODUCT_NAME:rfc1034identifier}";
				PRODUCT_NAME = TestingPlayground_UITests;
				TEST_HOST = "$(BUNDLE_LOADER)";
				WRAPPER_EXTENSION = xctest;
			};
			name = Debug;
		};
		33FC5B41189FF7310027ED82 /* Release */ = {
			isa = XCBuildConfiguration;
			baseConfigurationReference = 98275138726CEF095DE436CB /* Pods-TestingPlayground_UITests.release.xcconfig */;
			buildSettings = {
				BUNDLE_LOADER = "$(BUILT_PRODUCTS_DIR)/TestingPlayground.app/TestingPlayground";
				FRAMEWORK_SEARCH_PATHS = (
					"$(SDKROOT)/Developer/Library/Frameworks",
					"$(inherited)",
					"$(DEVELOPER_FRAMEWORKS_DIR)",
				);
				GCC_PRECOMPILE_PREFIX_HEADER = YES;
				GCC_PREFIX_HEADER = "UITestingPlayground_UITests/TestingPlayground_UITests-Prefix.pch";
				INFOPLIST_FILE = "UITestingPlayground_UITests/TestingPlayground_UITests-Info.plist";
				OTHER_LDFLAGS = "$(inherited)";
				PRODUCT_BUNDLE_IDENTIFIER = "com.vokalinteractive.${PRODUCT_NAME:rfc1034identifier}";
				PRODUCT_NAME = TestingPlayground_UITests;
				TEST_HOST = "$(BUNDLE_LOADER)";
				WRAPPER_EXTENSION = xctest;
			};
			name = Release;
		};
/* End XCBuildConfiguration section */

/* Begin XCConfigurationList section */
		33BCBF5D189C451C00479904 /* Build configuration list for PBXProject "TestingPlayground" */ = {
			isa = XCConfigurationList;
			buildConfigurations = (
				33BCBF95189C451C00479904 /* Debug */,
				33BCBF96189C451C00479904 /* Release */,
			);
			defaultConfigurationIsVisible = 0;
			defaultConfigurationName = Release;
		};
		33BCBF97189C451C00479904 /* Build configuration list for PBXNativeTarget "TestingPlayground" */ = {
			isa = XCConfigurationList;
			buildConfigurations = (
				33BCBF98189C451C00479904 /* Debug */,
				33BCBF99189C451C00479904 /* Release */,
			);
			defaultConfigurationIsVisible = 0;
			defaultConfigurationName = Release;
		};
		33BCBF9A189C451C00479904 /* Build configuration list for PBXNativeTarget "TestingPlaygroundTests" */ = {
			isa = XCConfigurationList;
			buildConfigurations = (
				33BCBF9B189C451C00479904 /* Debug */,
				33BCBF9C189C451C00479904 /* Release */,
			);
			defaultConfigurationIsVisible = 0;
			defaultConfigurationName = Release;
		};
		33FC5B3F189FF7310027ED82 /* Build configuration list for PBXNativeTarget "TestingPlayground_UITests" */ = {
			isa = XCConfigurationList;
			buildConfigurations = (
				33FC5B40189FF7310027ED82 /* Debug */,
				33FC5B41189FF7310027ED82 /* Release */,
			);
			defaultConfigurationIsVisible = 0;
			defaultConfigurationName = Release;
		};
/* End XCConfigurationList section */
	};
	rootObject = 33BCBF5A189C451C00479904 /* Project object */;
}
